
Microsoft Visual Studio Solution File, Format Version 12.00
# Visual Studio Version 16
VisualStudioVersion = 16.0.30114.105
MinimumVisualStudioVersion = 10.0.40219.1
Project("{2150E333-8FDC-42A3-9474-1A3956D46DE8}") = "templates", "templates", "{AC9406D2-38A2-4973-BBE5-692ABEF29205}"
EndProject
Project("{FAE04EC0-301F-11D3-BF4B-00C04F79EFBC}") = "DotnetVue.ElementAdmin", "templates\DotnetVue.ElementAdmin\DotnetVue.ElementAdmin.csproj", "{15C03EA1-1EB7-40B2-9336-E6875DF6F831}"
EndProject
Global
	GlobalSection(SolutionConfigurationPlatforms) = preSolution
		Debug|Any CPU = Debug|Any CPU
		Release|Any CPU = Release|Any CPU
	EndGlobalSection
	GlobalSection(SolutionProperties) = preSolution
		HideSolutionNode = FALSE
	EndGlobalSection
	GlobalSection(ProjectConfigurationPlatforms) = postSolution
		{15C03EA1-1EB7-40B2-9336-E6875DF6F831}.Debug|Any CPU.ActiveCfg = Debug|Any CPU
		{15C03EA1-1EB7-40B2-9336-E6875DF6F831}.Debug|Any CPU.Build.0 = Debug|Any CPU
		{15C03EA1-1EB7-40B2-9336-E6875DF6F831}.Release|Any CPU.ActiveCfg = Release|Any CPU
		{15C03EA1-1EB7-40B2-9336-E6875DF6F831}.Release|Any CPU.Build.0 = Release|Any CPU
	EndGlobalSection
	GlobalSection(NestedProjects) = preSolution
		{15C03EA1-1EB7-40B2-9336-E6875DF6F831} = {AC9406D2-38A2-4973-BBE5-692ABEF29205}
	EndGlobalSection
EndGlobal
